
Microsoft Visual Studio Solution File, Format Version 12.00
# Visual Studio Version 16
VisualStudioVersion = 16.0.31613.86
MinimumVisualStudioVersion = 10.0.40219.1
Project("{9A19103F-16F7-4668-BE54-9A1E7A4F7556}") = "SobreescribiendoAdvertencias", "SobreescribiendoAdvertencias\SobreescribiendoAdvertencias.csproj", "{96377DB6-361F-4962-A3E1-C666514ABCED}"
EndProject
Project("{9A19103F-16F7-4668-BE54-9A1E7A4F7556}") = "40-CentralitaPolimorfica", "39-CentralitaPolimorfica\40-CentralitaPolimorfica.csproj", "{13829BCA-1E40-4B89-AF3C-F159A265B8BA}"
EndProject
Project("{9A19103F-16F7-4668-BE54-9A1E7A4F7556}") = "Entidades", "..\HERENCIA\CentralitaHerencia\Entidades.csproj", "{E5AF56D1-B812-4D30-984A-F474D65E0AED}"
EndProject
Project("{9A19103F-16F7-4668-BE54-9A1E7A4F7556}") = "37-Centralita-Herencia", "..\HERENCIA\37-Centralita-Herencia\37-Centralita-Herencia.csproj", "{D7E278CD-6472-4B20-B692-18DB149D56B7}"
EndProject
Project("{FAE04EC0-301F-11D3-BF4B-00C04F79EFBC}") = "TestProject3", "TestProject3\TestProject3.csproj", "{35957E2A-D765-4824-93C9-299269B47DBC}"
EndProject
Global
	GlobalSection(SolutionConfigurationPlatforms) = preSolution
		Debug|Any CPU = Debug|Any CPU
		Release|Any CPU = Release|Any CPU
	EndGlobalSection
	GlobalSection(ProjectConfigurationPlatforms) = postSolution
		{96377DB6-361F-4962-A3E1-C666514ABCED}.Debug|Any CPU.ActiveCfg = Debug|Any CPU
		{96377DB6-361F-4962-A3E1-C666514ABCED}.Debug|Any CPU.Build.0 = Debug|Any CPU
		{96377DB6-361F-4962-A3E1-C666514ABCED}.Release|Any CPU.ActiveCfg = Release|Any CPU
		{96377DB6-361F-4962-A3E1-C666514ABCED}.Release|Any CPU.Build.0 = Release|Any CPU
		{13829BCA-1E40-4B89-AF3C-F159A265B8BA}.Debug|Any CPU.ActiveCfg = Debug|Any CPU
		{13829BCA-1E40-4B89-AF3C-F159A265B8BA}.Debug|Any CPU.Build.0 = Debug|Any CPU
		{13829BCA-1E40-4B89-AF3C-F159A265B8BA}.Release|Any CPU.ActiveCfg = Release|Any CPU
		{13829BCA-1E40-4B89-AF3C-F159A265B8BA}.Release|Any CPU.Build.0 = Release|Any CPU
		{E5AF56D1-B812-4D30-984A-F474D65E0AED}.Debug|Any CPU.ActiveCfg = Debug|Any CPU
		{E5AF56D1-B812-4D30-984A-F474D65E0AED}.Debug|Any CPU.Build.0 = Debug|Any CPU
		{E5AF56D1-B812-4D30-984A-F474D65E0AED}.Release|Any CPU.ActiveCfg = Release|Any CPU
		{E5AF56D1-B812-4D30-984A-F474D65E0AED}.Release|Any CPU.Build.0 = Release|Any CPU
		{D7E278CD-6472-4B20-B692-18DB149D56B7}.Debug|Any CPU.ActiveCfg = Debug|Any CPU
		{D7E278CD-6472-4B20-B692-18DB149D56B7}.Debug|Any CPU.Build.0 = Debug|Any CPU
		{D7E278CD-6472-4B20-B692-18DB149D56B7}.Release|Any CPU.ActiveCfg = Release|Any CPU
		{D7E278CD-6472-4B20-B692-18DB149D56B7}.Release|Any CPU.Build.0 = Release|Any CPU
		{35957E2A-D765-4824-93C9-299269B47DBC}.Debug|Any CPU.ActiveCfg = Debug|Any CPU
		{35957E2A-D765-4824-93C9-299269B47DBC}.Debug|Any CPU.Build.0 = Debug|Any CPU
		{35957E2A-D765-4824-93C9-299269B47DBC}.Release|Any CPU.ActiveCfg = Release|Any CPU
		{35957E2A-D765-4824-93C9-299269B47DBC}.Release|Any CPU.Build.0 = Release|Any CPU
	EndGlobalSection
	GlobalSection(SolutionProperties) = preSolution
		HideSolutionNode = FALSE
	EndGlobalSection
	GlobalSection(ExtensibilityGlobals) = postSolution
		SolutionGuid = {CE98BA16-618E-49C2-BBF0-D6DFD8165E3D}
	EndGlobalSection
EndGlobal
