
Microsoft Visual Studio Solution File, Format Version 12.00
# Visual Studio Version 16
VisualStudioVersion = 16.0.31613.86
MinimumVisualStudioVersion = 10.0.40219.1
Project("{FAE04EC0-301F-11D3-BF4B-00C04F79EFBC}") = "Micalculadora", "Micalculadora\Micalculadora.csproj", "{61A3CC5C-5637-4BB6-9C8D-41EAA412D70F}"
EndProject
Project("{FAE04EC0-301F-11D3-BF4B-00C04F79EFBC}") = "Entidades", "Entidades\Entidades.csproj", "{EC6125C0-DAA3-4C5F-A4B1-69FD92C6F869}"
EndProject
Global
	GlobalSection(SolutionConfigurationPlatforms) = preSolution
		Debug|Any CPU = Debug|Any CPU
		Release|Any CPU = Release|Any CPU
	EndGlobalSection
	GlobalSection(ProjectConfigurationPlatforms) = postSolution
		{61A3CC5C-5637-4BB6-9C8D-41EAA412D70F}.Debug|Any CPU.ActiveCfg = Debug|Any CPU
		{61A3CC5C-5637-4BB6-9C8D-41EAA412D70F}.Debug|Any CPU.Build.0 = Debug|Any CPU
		{61A3CC5C-5637-4BB6-9C8D-41EAA412D70F}.Release|Any CPU.ActiveCfg = Release|Any CPU
		{61A3CC5C-5637-4BB6-9C8D-41EAA412D70F}.Release|Any CPU.Build.0 = Release|Any CPU
		{EC6125C0-DAA3-4C5F-A4B1-69FD92C6F869}.Debug|Any CPU.ActiveCfg = Debug|Any CPU
		{EC6125C0-DAA3-4C5F-A4B1-69FD92C6F869}.Debug|Any CPU.Build.0 = Debug|Any CPU
		{EC6125C0-DAA3-4C5F-A4B1-69FD92C6F869}.Release|Any CPU.ActiveCfg = Release|Any CPU
		{EC6125C0-DAA3-4C5F-A4B1-69FD92C6F869}.Release|Any CPU.Build.0 = Release|Any CPU
	EndGlobalSection
	GlobalSection(SolutionProperties) = preSolution
		HideSolutionNode = FALSE
	EndGlobalSection
	GlobalSection(ExtensibilityGlobals) = postSolution
		SolutionGuid = {A6A3C713-9296-4F66-8F1D-2A9624F3F7CE}
	EndGlobalSection
EndGlobal
