
Microsoft Visual Studio Solution File, Format Version 12.00
# Visual Studio Version 16
VisualStudioVersion = 16.0.31613.86
MinimumVisualStudioVersion = 10.0.40219.1
Project("{9A19103F-16F7-4668-BE54-9A1E7A4F7556}") = "19-Sumador", "19-Sumador\19-Sumador.csproj", "{53868B9D-A4D9-4712-8137-DB2BFF4A209B}"
EndProject
Project("{9A19103F-16F7-4668-BE54-9A1E7A4F7556}") = "Entidades", "Entidades\Entidades.csproj", "{2DF15F7E-1B2F-4FB8-B3A4-85A29405AFE3}"
EndProject
Project("{9A19103F-16F7-4668-BE54-9A1E7A4F7556}") = "20-DolarEuroPeso", "20-DolarEuroPeso\20-DolarEuroPeso.csproj", "{24888A44-6D11-4ECE-9FAA-05D0A98E3812}"
EndProject
Global
	GlobalSection(SolutionConfigurationPlatforms) = preSolution
		Debug|Any CPU = Debug|Any CPU
		Release|Any CPU = Release|Any CPU
	EndGlobalSection
	GlobalSection(ProjectConfigurationPlatforms) = postSolution
		{53868B9D-A4D9-4712-8137-DB2BFF4A209B}.Debug|Any CPU.ActiveCfg = Debug|Any CPU
		{53868B9D-A4D9-4712-8137-DB2BFF4A209B}.Debug|Any CPU.Build.0 = Debug|Any CPU
		{53868B9D-A4D9-4712-8137-DB2BFF4A209B}.Release|Any CPU.ActiveCfg = Release|Any CPU
		{53868B9D-A4D9-4712-8137-DB2BFF4A209B}.Release|Any CPU.Build.0 = Release|Any CPU
		{2DF15F7E-1B2F-4FB8-B3A4-85A29405AFE3}.Debug|Any CPU.ActiveCfg = Debug|Any CPU
		{2DF15F7E-1B2F-4FB8-B3A4-85A29405AFE3}.Debug|Any CPU.Build.0 = Debug|Any CPU
		{2DF15F7E-1B2F-4FB8-B3A4-85A29405AFE3}.Release|Any CPU.ActiveCfg = Release|Any CPU
		{2DF15F7E-1B2F-4FB8-B3A4-85A29405AFE3}.Release|Any CPU.Build.0 = Release|Any CPU
		{24888A44-6D11-4ECE-9FAA-05D0A98E3812}.Debug|Any CPU.ActiveCfg = Debug|Any CPU
		{24888A44-6D11-4ECE-9FAA-05D0A98E3812}.Debug|Any CPU.Build.0 = Debug|Any CPU
		{24888A44-6D11-4ECE-9FAA-05D0A98E3812}.Release|Any CPU.ActiveCfg = Release|Any CPU
		{24888A44-6D11-4ECE-9FAA-05D0A98E3812}.Release|Any CPU.Build.0 = Release|Any CPU
	EndGlobalSection
	GlobalSection(SolutionProperties) = preSolution
		HideSolutionNode = FALSE
	EndGlobalSection
	GlobalSection(ExtensibilityGlobals) = postSolution
		SolutionGuid = {CBB654AB-9D15-4F20-A310-73502584EBC5}
	EndGlobalSection
EndGlobal
