
Microsoft Visual Studio Solution File, Format Version 12.00
# Visual Studio Version 16
VisualStudioVersion = 16.0.31613.86
MinimumVisualStudioVersion = 10.0.40219.1
Project("{9A19103F-16F7-4668-BE54-9A1E7A4F7556}") = "16-Ejercicio", "16-Ejercicio\16-Ejercicio.csproj", "{FAEB81D7-62A4-48DD-9520-B84B2A02557D}"
EndProject
Project("{9A19103F-16F7-4668-BE54-9A1E7A4F7556}") = "17 -ejercicioBirome", "17 -ejercicioBirome\17 -ejercicioBirome.csproj", "{5CEEC575-9241-4F00-8B6F-89A9466E5916}"
EndProject
Project("{9A19103F-16F7-4668-BE54-9A1E7A4F7556}") = "Entidades", "Entidades\Entidades.csproj", "{6B26D4DB-37CB-439A-AB3E-71F8D45B38FA}"
EndProject
Global
	GlobalSection(SolutionConfigurationPlatforms) = preSolution
		Debug|Any CPU = Debug|Any CPU
		Release|Any CPU = Release|Any CPU
	EndGlobalSection
	GlobalSection(ProjectConfigurationPlatforms) = postSolution
		{FAEB81D7-62A4-48DD-9520-B84B2A02557D}.Debug|Any CPU.ActiveCfg = Debug|Any CPU
		{FAEB81D7-62A4-48DD-9520-B84B2A02557D}.Debug|Any CPU.Build.0 = Debug|Any CPU
		{FAEB81D7-62A4-48DD-9520-B84B2A02557D}.Release|Any CPU.ActiveCfg = Release|Any CPU
		{FAEB81D7-62A4-48DD-9520-B84B2A02557D}.Release|Any CPU.Build.0 = Release|Any CPU
		{5CEEC575-9241-4F00-8B6F-89A9466E5916}.Debug|Any CPU.ActiveCfg = Debug|Any CPU
		{5CEEC575-9241-4F00-8B6F-89A9466E5916}.Debug|Any CPU.Build.0 = Debug|Any CPU
		{5CEEC575-9241-4F00-8B6F-89A9466E5916}.Release|Any CPU.ActiveCfg = Release|Any CPU
		{5CEEC575-9241-4F00-8B6F-89A9466E5916}.Release|Any CPU.Build.0 = Release|Any CPU
		{6B26D4DB-37CB-439A-AB3E-71F8D45B38FA}.Debug|Any CPU.ActiveCfg = Debug|Any CPU
		{6B26D4DB-37CB-439A-AB3E-71F8D45B38FA}.Debug|Any CPU.Build.0 = Debug|Any CPU
		{6B26D4DB-37CB-439A-AB3E-71F8D45B38FA}.Release|Any CPU.ActiveCfg = Release|Any CPU
		{6B26D4DB-37CB-439A-AB3E-71F8D45B38FA}.Release|Any CPU.Build.0 = Release|Any CPU
	EndGlobalSection
	GlobalSection(SolutionProperties) = preSolution
		HideSolutionNode = FALSE
	EndGlobalSection
	GlobalSection(ExtensibilityGlobals) = postSolution
		SolutionGuid = {AFDDAC4D-EDC0-44C3-9E2F-B0905CBC5899}
	EndGlobalSection
EndGlobal
