
Microsoft Visual Studio Solution File, Format Version 12.00
# Visual Studio Version 16
VisualStudioVersion = 16.0.31613.86
MinimumVisualStudioVersion = 10.0.40219.1
Project("{9A19103F-16F7-4668-BE54-9A1E7A4F7556}") = "26-Numeros", "26-Numeros\26-Numeros.csproj", "{3BE70759-C0B1-491F-96E5-183CC6BC63F3}"
EndProject
Project("{FAE04EC0-301F-11D3-BF4B-00C04F79EFBC}") = "29-Equipos", "29-Equipos\29-Equipos.csproj", "{D2723085-8916-4064-B014-EC81B58ED857}"
EndProject
Project("{FAE04EC0-301F-11D3-BF4B-00C04F79EFBC}") = "30-AutomovilesF1", "30-AutomovilesF1\30-AutomovilesF1.csproj", "{15BDEB32-AEB5-448E-8EE8-114C76048783}"
EndProject
Global
	GlobalSection(SolutionConfigurationPlatforms) = preSolution
		Debug|Any CPU = Debug|Any CPU
		Release|Any CPU = Release|Any CPU
	EndGlobalSection
	GlobalSection(ProjectConfigurationPlatforms) = postSolution
		{3BE70759-C0B1-491F-96E5-183CC6BC63F3}.Debug|Any CPU.ActiveCfg = Debug|Any CPU
		{3BE70759-C0B1-491F-96E5-183CC6BC63F3}.Debug|Any CPU.Build.0 = Debug|Any CPU
		{3BE70759-C0B1-491F-96E5-183CC6BC63F3}.Release|Any CPU.ActiveCfg = Release|Any CPU
		{3BE70759-C0B1-491F-96E5-183CC6BC63F3}.Release|Any CPU.Build.0 = Release|Any CPU
		{D2723085-8916-4064-B014-EC81B58ED857}.Debug|Any CPU.ActiveCfg = Debug|Any CPU
		{D2723085-8916-4064-B014-EC81B58ED857}.Debug|Any CPU.Build.0 = Debug|Any CPU
		{D2723085-8916-4064-B014-EC81B58ED857}.Release|Any CPU.ActiveCfg = Release|Any CPU
		{D2723085-8916-4064-B014-EC81B58ED857}.Release|Any CPU.Build.0 = Release|Any CPU
		{15BDEB32-AEB5-448E-8EE8-114C76048783}.Debug|Any CPU.ActiveCfg = Debug|Any CPU
		{15BDEB32-AEB5-448E-8EE8-114C76048783}.Debug|Any CPU.Build.0 = Debug|Any CPU
		{15BDEB32-AEB5-448E-8EE8-114C76048783}.Release|Any CPU.ActiveCfg = Release|Any CPU
		{15BDEB32-AEB5-448E-8EE8-114C76048783}.Release|Any CPU.Build.0 = Release|Any CPU
	EndGlobalSection
	GlobalSection(SolutionProperties) = preSolution
		HideSolutionNode = FALSE
	EndGlobalSection
	GlobalSection(ExtensibilityGlobals) = postSolution
		SolutionGuid = {1D781A54-4902-4AD7-82F8-3EBD5EFAD9C8}
	EndGlobalSection
EndGlobal
