
Microsoft Visual Studio Solution File, Format Version 12.00
# Visual Studio Version 16
VisualStudioVersion = 16.0.31727.386
MinimumVisualStudioVersion = 10.0.40219.1
Project("{FAE04EC0-301F-11D3-BF4B-00C04F79EFBC}") = "ToolboxConsole", "ToolboxConsole\ToolboxConsole.csproj", "{8F493B6D-9771-4966-A14B-1123D8A9AF4A}"
EndProject
Project("{FAE04EC0-301F-11D3-BF4B-00C04F79EFBC}") = "ManejoArchivos", "ManejoArchivos\ManejoArchivos.csproj", "{26750F38-CD9D-43C1-AD9C-06BB347B0E1F}"
EndProject
Project("{FAE04EC0-301F-11D3-BF4B-00C04F79EFBC}") = "SQLConexiones", "SQLConexiones\SQLConexiones.csproj", "{0F9BF60D-459D-4561-8B51-8FAD7D4FE1AF}"
EndProject
Global
	GlobalSection(SolutionConfigurationPlatforms) = preSolution
		Debug|Any CPU = Debug|Any CPU
		Release|Any CPU = Release|Any CPU
	EndGlobalSection
	GlobalSection(ProjectConfigurationPlatforms) = postSolution
		{8F493B6D-9771-4966-A14B-1123D8A9AF4A}.Debug|Any CPU.ActiveCfg = Debug|Any CPU
		{8F493B6D-9771-4966-A14B-1123D8A9AF4A}.Debug|Any CPU.Build.0 = Debug|Any CPU
		{8F493B6D-9771-4966-A14B-1123D8A9AF4A}.Release|Any CPU.ActiveCfg = Release|Any CPU
		{8F493B6D-9771-4966-A14B-1123D8A9AF4A}.Release|Any CPU.Build.0 = Release|Any CPU
		{26750F38-CD9D-43C1-AD9C-06BB347B0E1F}.Debug|Any CPU.ActiveCfg = Debug|Any CPU
		{26750F38-CD9D-43C1-AD9C-06BB347B0E1F}.Debug|Any CPU.Build.0 = Debug|Any CPU
		{26750F38-CD9D-43C1-AD9C-06BB347B0E1F}.Release|Any CPU.ActiveCfg = Release|Any CPU
		{26750F38-CD9D-43C1-AD9C-06BB347B0E1F}.Release|Any CPU.Build.0 = Release|Any CPU
		{0F9BF60D-459D-4561-8B51-8FAD7D4FE1AF}.Debug|Any CPU.ActiveCfg = Debug|Any CPU
		{0F9BF60D-459D-4561-8B51-8FAD7D4FE1AF}.Debug|Any CPU.Build.0 = Debug|Any CPU
		{0F9BF60D-459D-4561-8B51-8FAD7D4FE1AF}.Release|Any CPU.ActiveCfg = Release|Any CPU
		{0F9BF60D-459D-4561-8B51-8FAD7D4FE1AF}.Release|Any CPU.Build.0 = Release|Any CPU
	EndGlobalSection
	GlobalSection(SolutionProperties) = preSolution
		HideSolutionNode = FALSE
	EndGlobalSection
	GlobalSection(ExtensibilityGlobals) = postSolution
		SolutionGuid = {2B6D800A-3C42-40AB-9290-A19B82361DF3}
	EndGlobalSection
EndGlobal
